
Microsoft Visual Studio Solution File, Format Version 12.00
# Visual Studio Version 17
VisualStudioVersion = 17.8.34330.188
MinimumVisualStudioVersion = 10.0.40219.1
Project("{FAE04EC0-301F-11D3-BF4B-00C04F79EFBC}") = "Socorro", "Socorro\Socorro.csproj", "{AE518396-878C-4F1A-A6AA-730F1F4785F6}"
EndProject
Project("{2150E333-8FDC-42A3-9474-1A3956D46DE8}") = "Geral", "Geral", "{5F3110DC-8A7A-402C-9C06-D9A0FE96ACDC}"
	ProjectSection(SolutionItems) = preProject
		Socorro\App.xaml = Socorro\App.xaml
		Socorro\App.xaml.cs = Socorro\App.xaml.cs
		Socorro\MainWindow.xaml = Socorro\MainWindow.xaml
		Socorro\MainWindow.xaml.cs = Socorro\MainWindow.xaml.cs
	EndProjectSection
EndProject
Global
	GlobalSection(SolutionConfigurationPlatforms) = preSolution
		Debug|Any CPU = Debug|Any CPU
		Release|Any CPU = Release|Any CPU
	EndGlobalSection
	GlobalSection(ProjectConfigurationPlatforms) = postSolution
		{AE518396-878C-4F1A-A6AA-730F1F4785F6}.Debug|Any CPU.ActiveCfg = Debug|Any CPU
		{AE518396-878C-4F1A-A6AA-730F1F4785F6}.Debug|Any CPU.Build.0 = Debug|Any CPU
		{AE518396-878C-4F1A-A6AA-730F1F4785F6}.Release|Any CPU.ActiveCfg = Release|Any CPU
		{AE518396-878C-4F1A-A6AA-730F1F4785F6}.Release|Any CPU.Build.0 = Release|Any CPU
	EndGlobalSection
	GlobalSection(SolutionProperties) = preSolution
		HideSolutionNode = FALSE
	EndGlobalSection
	GlobalSection(NestedProjects) = preSolution
		{AE518396-878C-4F1A-A6AA-730F1F4785F6} = {5F3110DC-8A7A-402C-9C06-D9A0FE96ACDC}
	EndGlobalSection
	GlobalSection(ExtensibilityGlobals) = postSolution
		SolutionGuid = {046E2F36-1619-4595-A74A-6AC6BB4472B1}
	EndGlobalSection
EndGlobal
